
Microsoft Visual Studio Solution File, Format Version 12.00
# Visual Studio 15
VisualStudioVersion = 15.0.28010.2036
MinimumVisualStudioVersion = 10.0.40219.1
Project("{9A19103F-16F7-4668-BE54-9A1E7A4F7556}") = "Survey.Repository", "Survey.Repository\Survey.Repository.csproj", "{280ED2CE-50DC-4214-A285-24B580AAA961}"
EndProject
Project("{9A19103F-16F7-4668-BE54-9A1E7A4F7556}") = "Survey.Model", "Survey.Model\Survey.Model.csproj", "{D661D7E7-9B20-46CE-AC49-45560D4E018E}"
EndProject
Project("{9A19103F-16F7-4668-BE54-9A1E7A4F7556}") = "Survey.Entity", "Survey.Entity\Survey.Entity.csproj", "{B71EBD42-F6EE-40D5-BA7F-E228EA433DC0}"
EndProject
Project("{9A19103F-16F7-4668-BE54-9A1E7A4F7556}") = "Survey.Domain", "Survey.Domain\Survey.Domain.csproj", "{8C349C3C-01EA-44E7-8EC0-CA9EBDFBC362}"
EndProject
Project("{9A19103F-16F7-4668-BE54-9A1E7A4F7556}") = "Survey.Api", "Survey.Api\Survey.Api.csproj", "{46131422-FFB7-44E3-AC83-2F4886B67161}"
EndProject
Project("{2150E333-8FDC-42A3-9474-1A3956D46DE8}") = "Tests", "Tests", "{E21DEAD5-BD70-4A51-9FCE-B572024C6BD7}"
EndProject
Project("{FAE04EC0-301F-11D3-BF4B-00C04F79EFBC}") = "Survey.Domain.Test", "Survey.Domain.Test\Survey.Domain.Test.csproj", "{0D488644-E65C-4146-9CA6-15F36C758793}"
EndProject
Global
	GlobalSection(SolutionConfigurationPlatforms) = preSolution
		Debug|Any CPU = Debug|Any CPU
		Release|Any CPU = Release|Any CPU
	EndGlobalSection
	GlobalSection(ProjectConfigurationPlatforms) = postSolution
		{280ED2CE-50DC-4214-A285-24B580AAA961}.Debug|Any CPU.ActiveCfg = Debug|Any CPU
		{280ED2CE-50DC-4214-A285-24B580AAA961}.Debug|Any CPU.Build.0 = Debug|Any CPU
		{280ED2CE-50DC-4214-A285-24B580AAA961}.Release|Any CPU.ActiveCfg = Release|Any CPU
		{280ED2CE-50DC-4214-A285-24B580AAA961}.Release|Any CPU.Build.0 = Release|Any CPU
		{D661D7E7-9B20-46CE-AC49-45560D4E018E}.Debug|Any CPU.ActiveCfg = Debug|Any CPU
		{D661D7E7-9B20-46CE-AC49-45560D4E018E}.Debug|Any CPU.Build.0 = Debug|Any CPU
		{D661D7E7-9B20-46CE-AC49-45560D4E018E}.Release|Any CPU.ActiveCfg = Release|Any CPU
		{D661D7E7-9B20-46CE-AC49-45560D4E018E}.Release|Any CPU.Build.0 = Release|Any CPU
		{B71EBD42-F6EE-40D5-BA7F-E228EA433DC0}.Debug|Any CPU.ActiveCfg = Debug|Any CPU
		{B71EBD42-F6EE-40D5-BA7F-E228EA433DC0}.Debug|Any CPU.Build.0 = Debug|Any CPU
		{B71EBD42-F6EE-40D5-BA7F-E228EA433DC0}.Release|Any CPU.ActiveCfg = Release|Any CPU
		{B71EBD42-F6EE-40D5-BA7F-E228EA433DC0}.Release|Any CPU.Build.0 = Release|Any CPU
		{8C349C3C-01EA-44E7-8EC0-CA9EBDFBC362}.Debug|Any CPU.ActiveCfg = Debug|Any CPU
		{8C349C3C-01EA-44E7-8EC0-CA9EBDFBC362}.Debug|Any CPU.Build.0 = Debug|Any CPU
		{8C349C3C-01EA-44E7-8EC0-CA9EBDFBC362}.Release|Any CPU.ActiveCfg = Release|Any CPU
		{8C349C3C-01EA-44E7-8EC0-CA9EBDFBC362}.Release|Any CPU.Build.0 = Release|Any CPU
		{46131422-FFB7-44E3-AC83-2F4886B67161}.Debug|Any CPU.ActiveCfg = Debug|Any CPU
		{46131422-FFB7-44E3-AC83-2F4886B67161}.Debug|Any CPU.Build.0 = Debug|Any CPU
		{46131422-FFB7-44E3-AC83-2F4886B67161}.Release|Any CPU.ActiveCfg = Release|Any CPU
		{46131422-FFB7-44E3-AC83-2F4886B67161}.Release|Any CPU.Build.0 = Release|Any CPU
		{0D488644-E65C-4146-9CA6-15F36C758793}.Debug|Any CPU.ActiveCfg = Debug|Any CPU
		{0D488644-E65C-4146-9CA6-15F36C758793}.Debug|Any CPU.Build.0 = Debug|Any CPU
		{0D488644-E65C-4146-9CA6-15F36C758793}.Release|Any CPU.ActiveCfg = Release|Any CPU
		{0D488644-E65C-4146-9CA6-15F36C758793}.Release|Any CPU.Build.0 = Release|Any CPU
	EndGlobalSection
	GlobalSection(SolutionProperties) = preSolution
		HideSolutionNode = FALSE
	EndGlobalSection
	GlobalSection(NestedProjects) = preSolution
		{0D488644-E65C-4146-9CA6-15F36C758793} = {E21DEAD5-BD70-4A51-9FCE-B572024C6BD7}
	EndGlobalSection
	GlobalSection(ExtensibilityGlobals) = postSolution
		SolutionGuid = {5410DC4E-65F4-439D-88B6-F83E2B8606BF}
	EndGlobalSection
EndGlobal
